github.com/dangduoc08/gooh v0.0.0-20231127050858-8bc9895343a4 h1:ErWK7YL1MEfY+j9QGzF6fh6NePASRCbg/xfInUZ+Fek=
github.com/dangduoc08/gooh v0.0.0-20231127050858-8bc9895343a4/go.mod h1:6wXDKnTBoadyTpCGcuR6Yb9zQzvUU0ua94UKb3Ktl+U=
github.com/jinzhu/inflection v1.0.0 h1:K317FqzuhWc8YvSVlFMCCUb36O/S9MCKRDI7QkRKD/E=
github.com/jinzhu/inflection v1.0.0/go.mod h1:h+uFLlag+Qp1Va5pdKtLDYj+kHp5pxUVkryuEj+Srlc=
github.com/jinzhu/now v1.1.5 h1:/o9tlHleP7gOFmsnYNz3RGnqzefHA47wQpKrrdTIwXQ=
github.com/jinzhu/now v1.1.5/go.mod h1:d3SSVoowX0Lcu0IBviAWJpolVfI5UJVZZ7cO71lE/z8=
golang.org/x/net v0.18.0 h1:mIYleuAkSbHh0tCv7RvjL3F6ZVbLjq4+R7zbOn3Kokg=
golang.org/x/net v0.18.0/go.mod h1:/czyP5RqHAH4odGYxBJ1qz0+CE5WZ+2j1YgoEo8F2jQ=
gorm.io/gorm v1.25.5 h1:zR9lOiiYf09VNh5Q1gphfyia1JpiClIWG9hQaxB/mls=
gorm.io/gorm v1.25.5/go.mod h1:hbnx/Oo0ChWMn1BIhpy1oYozzpM15i4YPuHDmfYtwg8=
